
Microsoft Visual Studio Solution File, Format Version 12.00
# Visual Studio Version 16
VisualStudioVersion = 16.0.29613.14
MinimumVisualStudioVersion = 10.0.40219.1
Project("{FAE04EC0-301F-11D3-BF4B-00C04F79EFBC}") = "ELS-Cinematic", "ELS-Cinematic\ELS-Cinematic.csproj", "{D8CA98EB-B247-4770-ADC9-B2C575642681}"
EndProject
Global
	GlobalSection(SolutionConfigurationPlatforms) = preSolution
		Debug|Any CPU = Debug|Any CPU
		Release|Any CPU = Release|Any CPU
	EndGlobalSection
	GlobalSection(ProjectConfigurationPlatforms) = postSolution
		{D8CA98EB-B247-4770-ADC9-B2C575642681}.Debug|Any CPU.ActiveCfg = Debug|Any CPU
		{D8CA98EB-B247-4770-ADC9-B2C575642681}.Debug|Any CPU.Build.0 = Debug|Any CPU
		{D8CA98EB-B247-4770-ADC9-B2C575642681}.Release|Any CPU.ActiveCfg = Release|Any CPU
		{D8CA98EB-B247-4770-ADC9-B2C575642681}.Release|Any CPU.Build.0 = Release|Any CPU
	EndGlobalSection
	GlobalSection(SolutionProperties) = preSolution
		HideSolutionNode = FALSE
	EndGlobalSection
	GlobalSection(ExtensibilityGlobals) = postSolution
		SolutionGuid = {EB9F757C-9F85-4250-93D1-AF6F876F035C}
	EndGlobalSection
EndGlobal
